	<Project xmlns="http://schemas.microsoft.com/developer/msbuild/2003">
		<PropertyGroup>
			<ProjectGuid>{835173B2-66D5-4307-A05F-4157DC22B07B}</ProjectGuid>
			<ProjectVersion>15.3</ProjectVersion>
			<FrameworkType>VCL</FrameworkType>
			<MainSource>FrameWorkSwmmDrivers.dpr</MainSource>
			<Base>True</Base>
			<Config Condition="'$(Config)'==''">SWMMOutputDebug</Config>
			<Platform Condition="'$(Platform)'==''">Win32</Platform>
			<TargetedPlatforms>1</TargetedPlatforms>
			<AppType>Application</AppType>
		</PropertyGroup>
		<PropertyGroup Condition="'$(Config)'=='Base' or '$(Base)'!=''">
			<Base>true</Base>
		</PropertyGroup>
		<PropertyGroup Condition="('$(Platform)'=='Win64' and '$(Base)'=='true') or '$(Base_Win64)'!=''">
			<Base_Win64>true</Base_Win64>
			<CfgParent>Base</CfgParent>
			<Base>true</Base>
		</PropertyGroup>
		<PropertyGroup Condition="('$(Platform)'=='Win32' and '$(Base)'=='true') or '$(Base_Win32)'!=''">
			<Base_Win32>true</Base_Win32>
			<CfgParent>Base</CfgParent>
			<Base>true</Base>
		</PropertyGroup>
		<PropertyGroup Condition="'$(Config)'=='Debug' or '$(Cfg_1)'!=''">
			<Cfg_1>true</Cfg_1>
			<CfgParent>Base</CfgParent>
			<Base>true</Base>
		</PropertyGroup>
		<PropertyGroup Condition="('$(Platform)'=='Win32' and '$(Cfg_1)'=='true') or '$(Cfg_1_Win32)'!=''">
			<Cfg_1_Win32>true</Cfg_1_Win32>
			<CfgParent>Cfg_1</CfgParent>
			<Cfg_1>true</Cfg_1>
			<Base>true</Base>
		</PropertyGroup>
		<PropertyGroup Condition="'$(Config)'=='SWMMInputDebug' or '$(Cfg_5)'!=''">
			<Cfg_5>true</Cfg_5>
			<CfgParent>Cfg_1</CfgParent>
			<Cfg_1>true</Cfg_1>
			<Base>true</Base>
		</PropertyGroup>
		<PropertyGroup Condition="('$(Platform)'=='Win32' and '$(Cfg_5)'=='true') or '$(Cfg_5_Win32)'!=''">
			<Cfg_5_Win32>true</Cfg_5_Win32>
			<CfgParent>Cfg_5</CfgParent>
			<Cfg_5>true</Cfg_5>
			<Cfg_1>true</Cfg_1>
			<Base>true</Base>
		</PropertyGroup>
		<PropertyGroup Condition="'$(Config)'=='SWMMOutputDebug' or '$(Cfg_4)'!=''">
			<Cfg_4>true</Cfg_4>
			<CfgParent>Cfg_1</CfgParent>
			<Cfg_1>true</Cfg_1>
			<Base>true</Base>
		</PropertyGroup>
		<PropertyGroup Condition="('$(Platform)'=='Win32' and '$(Cfg_4)'=='true') or '$(Cfg_4_Win32)'!=''">
			<Cfg_4_Win32>true</Cfg_4_Win32>
			<CfgParent>Cfg_4</CfgParent>
			<Cfg_4>true</Cfg_4>
			<Cfg_1>true</Cfg_1>
			<Base>true</Base>
		</PropertyGroup>
		<PropertyGroup Condition="'$(Config)'=='GUISWMMInputDebug' or '$(Cfg_6)'!=''">
			<Cfg_6>true</Cfg_6>
			<CfgParent>Cfg_1</CfgParent>
			<Cfg_1>true</Cfg_1>
			<Base>true</Base>
		</PropertyGroup>
		<PropertyGroup Condition="('$(Platform)'=='Win32' and '$(Cfg_6)'=='true') or '$(Cfg_6_Win32)'!=''">
			<Cfg_6_Win32>true</Cfg_6_Win32>
			<CfgParent>Cfg_6</CfgParent>
			<Cfg_6>true</Cfg_6>
			<Cfg_1>true</Cfg_1>
			<Base>true</Base>
		</PropertyGroup>
		<PropertyGroup Condition="'$(Config)'=='GUISWMMOutputDebug' or '$(Cfg_7)'!=''">
			<Cfg_7>true</Cfg_7>
			<CfgParent>Cfg_1</CfgParent>
			<Cfg_1>true</Cfg_1>
			<Base>true</Base>
		</PropertyGroup>
		<PropertyGroup Condition="'$(Config)'=='Release' or '$(Cfg_2)'!=''">
			<Cfg_2>true</Cfg_2>
			<CfgParent>Base</CfgParent>
			<Base>true</Base>
		</PropertyGroup>
		<PropertyGroup Condition="'$(Config)'=='SWMMInput' or '$(Cfg_3)'!=''">
			<Cfg_3>true</Cfg_3>
			<CfgParent>Cfg_2</CfgParent>
			<Cfg_2>true</Cfg_2>
			<Base>true</Base>
		</PropertyGroup>
		<PropertyGroup Condition="('$(Platform)'=='Win32' and '$(Cfg_3)'=='true') or '$(Cfg_3_Win32)'!=''">
			<Cfg_3_Win32>true</Cfg_3_Win32>
			<CfgParent>Cfg_3</CfgParent>
			<Cfg_3>true</Cfg_3>
			<Cfg_2>true</Cfg_2>
			<Base>true</Base>
		</PropertyGroup>
		<PropertyGroup Condition="'$(Config)'=='GUISWMMOutput' or '$(Cfg_8)'!=''">
			<Cfg_8>true</Cfg_8>
			<CfgParent>Cfg_2</CfgParent>
			<Cfg_2>true</Cfg_2>
			<Base>true</Base>
		</PropertyGroup>
		<PropertyGroup Condition="('$(Platform)'=='Win32' and '$(Cfg_8)'=='true') or '$(Cfg_8_Win32)'!=''">
			<Cfg_8_Win32>true</Cfg_8_Win32>
			<CfgParent>Cfg_8</CfgParent>
			<Cfg_8>true</Cfg_8>
			<Cfg_2>true</Cfg_2>
			<Base>true</Base>
		</PropertyGroup>
		<PropertyGroup Condition="'$(Config)'=='GUISWMMInput' or '$(Cfg_9)'!=''">
			<Cfg_9>true</Cfg_9>
			<CfgParent>Cfg_2</CfgParent>
			<Cfg_2>true</Cfg_2>
			<Base>true</Base>
		</PropertyGroup>
		<PropertyGroup Condition="('$(Platform)'=='Win32' and '$(Cfg_9)'=='true') or '$(Cfg_9_Win32)'!=''">
			<Cfg_9_Win32>true</Cfg_9_Win32>
			<CfgParent>Cfg_9</CfgParent>
			<Cfg_9>true</Cfg_9>
			<Cfg_2>true</Cfg_2>
			<Base>true</Base>
		</PropertyGroup>
		<PropertyGroup Condition="'$(Config)'=='SWMMOutput' or '$(Cfg_10)'!=''">
			<Cfg_10>true</Cfg_10>
			<CfgParent>Cfg_2</CfgParent>
			<Cfg_2>true</Cfg_2>
			<Base>true</Base>
		</PropertyGroup>
		<PropertyGroup Condition="('$(Platform)'=='Win32' and '$(Cfg_10)'=='true') or '$(Cfg_10_Win32)'!=''">
			<Cfg_10_Win32>true</Cfg_10_Win32>
			<CfgParent>Cfg_10</CfgParent>
			<Cfg_10>true</Cfg_10>
			<Cfg_2>true</Cfg_2>
			<Base>true</Base>
		</PropertyGroup>
		<PropertyGroup Condition="'$(Base)'!=''">
			<DCC_Namespace>System;Xml;Data;Datasnap;Web;Soap;Vcl;Vcl.Imaging;Vcl.Touch;Vcl.Samples;Vcl.Shell;$(DCC_Namespace)</DCC_Namespace>
			<Icon_MainIcon>$(BDS)\bin\delphi_PROJECTICON.ico</Icon_MainIcon>
			<DCC_DcuOutput>.\$(Platform)\$(Config)</DCC_DcuOutput>
			<DCC_ExeOutput>.\$(Platform)\$(Config)</DCC_ExeOutput>
			<DCC_E>false</DCC_E>
			<DCC_N>false</DCC_N>
			<DCC_S>false</DCC_S>
			<DCC_F>false</DCC_F>
			<DCC_K>false</DCC_K>
		</PropertyGroup>
		<PropertyGroup Condition="'$(Base_Win64)'!=''">
			<DCC_UsePackage>O408br;FireDACASADriver;FireDACSqliteDriver;bindcompfmx;DBXSqliteDriver;FireDACPgDriver;FireDACODBCDriver;fmx;rtl;dbrtl;DbxClientDriver;IndySystem;FireDACCommon;bindcomp;TeeDB;vclib;DBXInterBaseDriver;Tee;DataSnapCommon;vclFireDAC;xmlrtl;ibxpress;DbxCommonDriver;vclimg;IndyProtocols;dbxcds;DBXMySQLDriver;FireDACCommonDriver;MetropolisUILiveTile;O408_r;bindengine;vclactnband;vcldb;soaprtl;bindcompdbx;vcldsnap;bindcompvcl;TeeUI;FMXTee;vclie;fmxFireDAC;FireDACADSDriver;vcltouch;CustomIPTransport;vclribbon;VclSmp;FireDAC;dsnap;IndyIPServer;Intraweb;fmxase;vcl;IndyCore;VCLRESTComponents;IndyIPCommon;CloudService;dsnapcon;FireDACIBDriver;FmxTeeUI;inet;fmxobj;FireDACMySQLDriver;vclx;inetdbxpress;fmxdae;RESTComponents;FireDACMSAccDriver;adortl;dbexpress;IndyIPClient;$(DCC_UsePackage)</DCC_UsePackage>
		</PropertyGroup>
		<PropertyGroup Condition="'$(Base_Win32)'!=''">
			<DCC_Namespace>Winapi;System.Win;Data.Win;Datasnap.Win;Web.Win;Soap.Win;Xml.Win;Bde;$(DCC_Namespace)</DCC_Namespace>
			<VerInfo_IncludeVerInfo>true</VerInfo_IncludeVerInfo>
			<DCC_UsePackage>O408br;EHSPackage;frxDB19;FireDACASADriver;FireDACSqliteDriver;bindcompfmx;DBXSqliteDriver;vcldbx;FireDACPgDriver;FireDACODBCDriver;fmx;rtl;dbrtl;DbxClientDriver;IndySystem;FireDACCommon;frx19;bindcomp;TeeDB;vclib;inetdbbde;DBXInterBaseDriver;Tee;DataSnapCommon;vclFireDAC;xmlrtl;svnui;ibxpress;DbxCommonDriver;vclimg;IndyProtocols;dbxcds;DBXMySQLDriver;FireDACCommonDriver;MetropolisUILiveTile;O408_r;bindengine;vclactnband;vcldb;soaprtl;bindcompdbx;vcldsnap;bindcompvcl;TeeUI;FMXTee;vclie;fmxFireDAC;FireDACADSDriver;vcltouch;swmmCompnts2013;CustomIPTransport;vclribbon;VclSmp;FireDAC;dsnap;IndyIPServer;Intraweb;fmxase;vcl;IndyCore;VCLRESTComponents;IndyIPCommon;CloudService;CodeSiteExpressPkg;dsnapcon;FireDACIBDriver;FmxTeeUI;inet;fmxobj;FireDACMySQLDriver;vclx;inetdbxpress;svn;frxe19;fmxdae;RESTComponents;bdertl;FireDACMSAccDriver;adortl;dbexpress;IndyIPClient;$(DCC_UsePackage)</DCC_UsePackage>
			<VerInfo_Locale>1033</VerInfo_Locale>
			<VerInfo_Keys>CompanyName=;FileDescription=;FileVersion=1.0.0.0;InternalName=;LegalCopyright=;LegalTrademarks=;OriginalFilename=;ProductName=;ProductVersion=1.0.0.0;Comments=</VerInfo_Keys>
			<Manifest_File>$(BDS)\bin\default_app.manifest</Manifest_File>
		</PropertyGroup>
		<PropertyGroup Condition="'$(Cfg_1)'!=''">
			<DCC_Define>DEBUG;$(DCC_Define)</DCC_Define>
			<DCC_DebugDCUs>true</DCC_DebugDCUs>
			<DCC_Optimize>false</DCC_Optimize>
			<DCC_GenerateStackFrames>true</DCC_GenerateStackFrames>
			<DCC_DebugInfoInExe>true</DCC_DebugInfoInExe>
			<DCC_RemoteDebug>true</DCC_RemoteDebug>
		</PropertyGroup>
		<PropertyGroup Condition="'$(Cfg_1_Win32)'!=''">
			<VerInfo_IncludeVerInfo>true</VerInfo_IncludeVerInfo>
			<DCC_OutputXMLDocumentation>true</DCC_OutputXMLDocumentation>
			<VerInfo_Locale>1033</VerInfo_Locale>
			<DCC_RemoteDebug>false</DCC_RemoteDebug>
		</PropertyGroup>
		<PropertyGroup Condition="'$(Cfg_5_Win32)'!=''">
			<Debugger_RunParams>&quot;C:\Users\dpankani\Framework\Projects\Demo\OutfallSWMM_TO_FW.mta&quot;</Debugger_RunParams>
			<VerInfo_Locale>1033</VerInfo_Locale>
			<VerInfo_IncludeVerInfo>true</VerInfo_IncludeVerInfo>
			<DCC_Define>SWMM_TO_FW;SWMM_CONSOLE;$(DCC_Define)</DCC_Define>
		</PropertyGroup>
		<PropertyGroup Condition="'$(Cfg_4_Win32)'!=''">
			<DCC_RangeChecking>true</DCC_RangeChecking>
			<Debugger_RunParams>&quot;C:\Users\dpankani\Framework\Projects\Demo\OutfallSWMM_FROM_FW.mta&quot;</Debugger_RunParams>
			<VerInfo_IncludeVerInfo>true</VerInfo_IncludeVerInfo>
			<VerInfo_Locale>1033</VerInfo_Locale>
			<DCC_Define>SWMM_FROM_FW;SWMM_CONSOLE;$(DCC_Define)</DCC_Define>
		</PropertyGroup>
		<PropertyGroup Condition="'$(Cfg_6_Win32)'!=''">
			<VerInfo_IncludeVerInfo>true</VerInfo_IncludeVerInfo>
			<VerInfo_Locale>1033</VerInfo_Locale>
			<DCC_Define>SWMM_TO_FW;SWMM_GUI;$(DCC_Define)</DCC_Define>
		</PropertyGroup>
		<PropertyGroup Condition="'$(Cfg_2)'!=''">
			<DCC_LocalDebugSymbols>false</DCC_LocalDebugSymbols>
			<DCC_Define>RELEASE;$(DCC_Define)</DCC_Define>
			<DCC_SymbolReferenceInfo>0</DCC_SymbolReferenceInfo>
			<DCC_DebugInformation>0</DCC_DebugInformation>
		</PropertyGroup>
		<PropertyGroup Condition="'$(Cfg_3)'!=''">
			<Manifest_File>$(BDS)\bin\default_app.manifest</Manifest_File>
			<VerInfo_Locale>1033</VerInfo_Locale>
			<DCC_Define>SWMM_TO_FW;SWMM_CONSOLE;$(DCC_Define)</DCC_Define>
		</PropertyGroup>
		<PropertyGroup Condition="'$(Cfg_3_Win32)'!=''">
			<PostBuildEvent><![CDATA[IF $(Config) == TRIAL Move "$(OUTPUTDIR)$(OUTPUTFILENAME)" "$(OUTPUTDIR)$(OUTPUTNAME)SWMMOutput$(OUTPUTEXT)"
$(PostBuildEvent)]]></PostBuildEvent>
			<VerInfo_IncludeVerInfo>true</VerInfo_IncludeVerInfo>
		</PropertyGroup>
		<PropertyGroup Condition="'$(Cfg_8_Win32)'!=''">
			<VerInfo_IncludeVerInfo>true</VerInfo_IncludeVerInfo>
			<VerInfo_Locale>1033</VerInfo_Locale>
			<DCC_Define>SWMM_FROM_FW;SWMM_GUI;$(DCC_Define)</DCC_Define>
		</PropertyGroup>
		<PropertyGroup Condition="'$(Cfg_9_Win32)'!=''">
			<VerInfo_IncludeVerInfo>true</VerInfo_IncludeVerInfo>
			<VerInfo_Locale>1033</VerInfo_Locale>
			<DCC_Define>SWMM_TO_FW;SWMM_GUI;$(DCC_Define)</DCC_Define>
		</PropertyGroup>
		<PropertyGroup Condition="'$(Cfg_10_Win32)'!=''">
			<VerInfo_IncludeVerInfo>true</VerInfo_IncludeVerInfo>
			<VerInfo_Locale>1033</VerInfo_Locale>
			<DCC_Define>SWMM_FROM_FW;SWMM_CONSOLE;$(DCC_Define)</DCC_Define>
		</PropertyGroup>
		<ItemGroup>
			<DelphiCompile Include="$(MainSource)">
				<MainSource>MainSource</MainSource>
			</DelphiCompile>
			<DCCReference Include="SWMMDrivers.pas">
				<Form>Form1</Form>
			</DCCReference>
			<DCCReference Include="gsmodules\SWMMIO.pas"/>
			<DCCReference Include="gsmodules\SWMMOutput.pas"/>
			<DCCReference Include="gsmodules\SWMMInput.pas"/>
			<DCCReference Include="ImportHelpDialogFrm.pas">
				<Form>ImportHelpDialog</Form>
			</DCCReference>
			<DCCReference Include="ExportHelpDlgFrm.pas">
				<Form>ExportHelpDialogFrm</Form>
			</DCCReference>
			<DCCReference Include="gsmodules\GSControlGrid.pas"/>
			<DCCReference Include="gsmodules\ConverterErrors.pas"/>
			<DCCReference Include="gsmodules\FWIO.pas"/>
			<BuildConfiguration Include="SWMMOutputDebug">
				<Key>Cfg_4</Key>
				<CfgParent>Cfg_1</CfgParent>
			</BuildConfiguration>
			<BuildConfiguration Include="SWMMInputDebug">
				<Key>Cfg_5</Key>
				<CfgParent>Cfg_1</CfgParent>
			</BuildConfiguration>
			<BuildConfiguration Include="SWMMOutput">
				<Key>Cfg_10</Key>
				<CfgParent>Cfg_2</CfgParent>
			</BuildConfiguration>
			<BuildConfiguration Include="GUISWMMInputDebug">
				<Key>Cfg_6</Key>
				<CfgParent>Cfg_1</CfgParent>
			</BuildConfiguration>
			<BuildConfiguration Include="GUISWMMOutputDebug">
				<Key>Cfg_7</Key>
				<CfgParent>Cfg_1</CfgParent>
			</BuildConfiguration>
			<BuildConfiguration Include="Base">
				<Key>Base</Key>
			</BuildConfiguration>
			<BuildConfiguration Include="GUISWMMInput">
				<Key>Cfg_9</Key>
				<CfgParent>Cfg_2</CfgParent>
			</BuildConfiguration>
			<BuildConfiguration Include="Release">
				<Key>Cfg_2</Key>
				<CfgParent>Base</CfgParent>
			</BuildConfiguration>
			<BuildConfiguration Include="SWMMInput">
				<Key>Cfg_3</Key>
				<CfgParent>Cfg_2</CfgParent>
			</BuildConfiguration>
			<BuildConfiguration Include="GUISWMMOutput">
				<Key>Cfg_8</Key>
				<CfgParent>Cfg_2</CfgParent>
			</BuildConfiguration>
			<BuildConfiguration Include="Debug">
				<Key>Cfg_1</Key>
				<CfgParent>Base</CfgParent>
			</BuildConfiguration>
		</ItemGroup>
		<ProjectExtensions>
			<Borland.Personality>Delphi.Personality.12</Borland.Personality>
			<Borland.ProjectType/>
			<BorlandProject>
				<Delphi.Personality>
					<VersionInfo>
						<VersionInfo Name="IncludeVerInfo">False</VersionInfo>
						<VersionInfo Name="AutoIncBuild">False</VersionInfo>
						<VersionInfo Name="MajorVer">1</VersionInfo>
						<VersionInfo Name="MinorVer">0</VersionInfo>
						<VersionInfo Name="Release">0</VersionInfo>
						<VersionInfo Name="Build">0</VersionInfo>
						<VersionInfo Name="Debug">False</VersionInfo>
						<VersionInfo Name="PreRelease">False</VersionInfo>
						<VersionInfo Name="Special">False</VersionInfo>
						<VersionInfo Name="Private">False</VersionInfo>
						<VersionInfo Name="DLL">False</VersionInfo>
						<VersionInfo Name="Locale">1033</VersionInfo>
						<VersionInfo Name="CodePage">1252</VersionInfo>
					</VersionInfo>
					<VersionInfoKeys>
						<VersionInfoKeys Name="CompanyName"/>
						<VersionInfoKeys Name="FileDescription"/>
						<VersionInfoKeys Name="FileVersion">1.0.0.0</VersionInfoKeys>
						<VersionInfoKeys Name="InternalName"/>
						<VersionInfoKeys Name="LegalCopyright"/>
						<VersionInfoKeys Name="LegalTrademarks"/>
						<VersionInfoKeys Name="OriginalFilename"/>
						<VersionInfoKeys Name="ProductName"/>
						<VersionInfoKeys Name="ProductVersion">1.0.0.0</VersionInfoKeys>
						<VersionInfoKeys Name="Comments"/>
						<VersionInfoKeys Name="CFBundleName"/>
						<VersionInfoKeys Name="CFBundleDisplayName"/>
						<VersionInfoKeys Name="UIDeviceFamily"/>
						<VersionInfoKeys Name="CFBundleIdentifier"/>
						<VersionInfoKeys Name="CFBundleVersion"/>
						<VersionInfoKeys Name="CFBundlePackageType"/>
						<VersionInfoKeys Name="CFBundleSignature"/>
						<VersionInfoKeys Name="CFBundleAllowMixedLocalizations"/>
						<VersionInfoKeys Name="UISupportedInterfaceOrientations"/>
						<VersionInfoKeys Name="CFBundleExecutable"/>
						<VersionInfoKeys Name="CFBundleResourceSpecification"/>
						<VersionInfoKeys Name="LSRequiresIPhoneOS"/>
						<VersionInfoKeys Name="CFBundleInfoDictionaryVersion"/>
						<VersionInfoKeys Name="CFBundleDevelopmentRegion"/>
						<VersionInfoKeys Name="package"/>
						<VersionInfoKeys Name="label"/>
						<VersionInfoKeys Name="versionCode"/>
						<VersionInfoKeys Name="versionName"/>
						<VersionInfoKeys Name="persistent"/>
						<VersionInfoKeys Name="restoreAnyVersion"/>
						<VersionInfoKeys Name="installLocation"/>
						<VersionInfoKeys Name="largeHeap"/>
						<VersionInfoKeys Name="theme"/>
					</VersionInfoKeys>
					<Source>
						<Source Name="MainSource">FrameWorkSwmmDrivers.dpr</Source>
					</Source>
					<Excluded_Packages>
						<Excluded_Packages Name="$(BDSBIN)\dcloffice2k160.bpl">Microsoft Office 2000 Sample Automation Server Wrapper Components</Excluded_Packages>
						<Excluded_Packages Name="$(BDSBIN)\dclofficexp160.bpl">Microsoft Office XP Sample Automation Server Wrapper Components</Excluded_Packages>
					</Excluded_Packages>
				</Delphi.Personality>
				<Deployment/>
				<Platforms>
					<Platform value="Win64">False</Platform>
					<Platform value="Win32">True</Platform>
				</Platforms>
				<ModelSupport>False</ModelSupport>
			</BorlandProject>
			<ProjectFileVersion>12</ProjectFileVersion>
		</ProjectExtensions>
		<Import Condition="Exists('$(BDS)\Bin\CodeGear.Delphi.Targets')" Project="$(BDS)\Bin\CodeGear.Delphi.Targets"/>
		<Import Condition="Exists('$(APPDATA)\Embarcadero\$(BDSAPPDATABASEDIR)\$(PRODUCTVERSION)\UserTools.proj')" Project="$(APPDATA)\Embarcadero\$(BDSAPPDATABASEDIR)\$(PRODUCTVERSION)\UserTools.proj"/>
		<PropertyGroup Condition="'$(Config)'=='SWMMInput' And '$(Platform)'=='Win32'">
			<PreBuildEvent/>
			<PreBuildEventIgnoreExitCode>False</PreBuildEventIgnoreExitCode>
			<PreLinkEvent/>
			<PreLinkEventIgnoreExitCode>False</PreLinkEventIgnoreExitCode>
			<PostBuildEvent>IF $(Config) == TRIAL Move &quot;$(OUTPUTDIR)$(OUTPUTFILENAME)&quot; &quot;$(OUTPUTDIR)$(OUTPUTNAME)SWMMOutput$(OUTPUTEXT)&quot;</PostBuildEvent>
			<PostBuildEventIgnoreExitCode>False</PostBuildEventIgnoreExitCode>
		</PropertyGroup>
	</Project>
